{
  "name": "project-meetup",
  "version": "1.0.0",
  "lockfileVersion": 2,
  "requires": true,
  "packages": {
    "": {
      "name": "project-meetup",
      "version": "1.0.0",
      "hasInstallScript": true,
      "license": "ISC",
      "dependencies": {
        "@fortawesome/free-brands-svg-icons": "^6.1.2"
      }
    },
    "node_modules/@fortawesome/fontawesome-common-types": {
      "version": "6.1.2",
      "resolved": "https://registry.npmjs.org/@fortawesome/fontawesome-common-types/-/fontawesome-common-types-6.1.2.tgz",
      "integrity": "sha512-wBaAPGz1Awxg05e0PBRkDRuTsy4B3dpBm+zreTTyd9TH4uUM27cAL4xWyWR0rLJCrRwzVsQ4hF3FvM6rqydKPA==",
      "hasInstallScript": true,
      "engines": {
        "node": ">=6"
      }
    },
    "node_modules/@fortawesome/free-brands-svg-icons": {
      "version": "6.1.2",
      "resolved": "https://registry.npmjs.org/@fortawesome/free-brands-svg-icons/-/free-brands-svg-icons-6.1.2.tgz",
      "integrity": "sha512-b2eMfXQBsSxh52pcPtYchURQs6BWNh3zVTG8XH8Lv6V4kDhEg7D0kHN+K1SZniDiPb/e5tBlaygsinMUvetITA==",
      "hasInstallScript": true,
      "dependencies": {
        "@fortawesome/fontawesome-common-types": "6.1.2"
      },
      "engines": {
        "node": ">=6"
      }
    }
  },
  "dependencies": {
    "@fortawesome/fontawesome-common-types": {
      "version": "6.1.2",
      "resolved": "https://registry.npmjs.org/@fortawesome/fontawesome-common-types/-/fontawesome-common-types-6.1.2.tgz",
      "integrity": "sha512-wBaAPGz1Awxg05e0PBRkDRuTsy4B3dpBm+zreTTyd9TH4uUM27cAL4xWyWR0rLJCrRwzVsQ4hF3FvM6rqydKPA=="
    },
    "@fortawesome/free-brands-svg-icons": {
      "version": "6.1.2",
      "resolved": "https://registry.npmjs.org/@fortawesome/free-brands-svg-icons/-/free-brands-svg-icons-6.1.2.tgz",
      "integrity": "sha512-b2eMfXQBsSxh52pcPtYchURQs6BWNh3zVTG8XH8Lv6V4kDhEg7D0kHN+K1SZniDiPb/e5tBlaygsinMUvetITA==",
      "requires": {
        "@fortawesome/fontawesome-common-types": "6.1.2"
      }
    }
  }
}
